
Microsoft Visual Studio Solution File, Format Version 12.00
# Visual Studio Version 16
VisualStudioVersion = 16.0.29728.190
MinimumVisualStudioVersion = 10.0.40219.1
Project("{FAE04EC0-301F-11D3-BF4B-00C04F79EFBC}") = "SalajeetOnline", "SalajeetOnline.csproj", "{9C8D1241-71D9-4F22-8DFE-536D274270FA}"
EndProject
Global
	GlobalSection(SolutionConfigurationPlatforms) = preSolution
		Debug|Any CPU = Debug|Any CPU
		Release|Any CPU = Release|Any CPU
	EndGlobalSection
	GlobalSection(ProjectConfigurationPlatforms) = postSolution
		{9C8D1241-71D9-4F22-8DFE-536D274270FA}.Debug|Any CPU.ActiveCfg = Debug|Any CPU
		{9C8D1241-71D9-4F22-8DFE-536D274270FA}.Debug|Any CPU.Build.0 = Debug|Any CPU
		{9C8D1241-71D9-4F22-8DFE-536D274270FA}.Release|Any CPU.ActiveCfg = Release|Any CPU
		{9C8D1241-71D9-4F22-8DFE-536D274270FA}.Release|Any CPU.Build.0 = Release|Any CPU
	EndGlobalSection
	GlobalSection(SolutionProperties) = preSolution
		HideSolutionNode = FALSE
	EndGlobalSection
	GlobalSection(ExtensibilityGlobals) = postSolution
		SolutionGuid = {872221D7-CC6D-45CA-B478-A8733CA37651}
	EndGlobalSection
EndGlobal
